# @generated - this file is auto-generated by `mise lock` https://mise.en.dev/dev-tools/mise-lock.html

[[tools.actionlint]]
version = "1.7.12"
backend = "aqua:rhysd/actionlint"

[tools.actionlint."platforms.linux-arm64"]
checksum = "sha256:325e971b6ba9bfa504672e29be93c24981eeb1c07576d730e9f7c8805afff0c6"
url = "https://github.com/rhysd/actionlint/releases/download/v1.7.12/actionlint_1.7.12_linux_arm64.tar.gz"
provenance = "github-attestations"

[tools.actionlint."platforms.linux-x64"]
checksum = "sha256:8aca8db96f1b94770f1b0d72b6dddcb1ebb8123cb3712530b08cc387b349a3d8"
url = "https://github.com/rhysd/actionlint/releases/download/v1.7.12/actionlint_1.7.12_linux_amd64.tar.gz"
provenance = "github-attestations"

[tools.actionlint."platforms.macos-arm64"]
checksum = "sha256:aba9ced2dee8d27fecca3dc7feb1a7f9a52caefa1eb46f3271ea66b6e0e6953f"
url = "https://github.com/rhysd/actionlint/releases/download/v1.7.12/actionlint_1.7.12_darwin_arm64.tar.gz"
provenance = "github-attestations"

[[tools."github:home-operations/flate"]]
version = "0.6.5"
backend = "github:home-operations/flate"

[tools."github:home-operations/flate"."platforms.linux-arm64"]
checksum = "sha256:7f514814890df4a095887943ae606be1a8af878606b7bd0575efe75402cd38dc"
url = "https://github.com/home-operations/flate/releases/download/v0.6.5/flate_0.6.5_linux_arm64.tar.gz"
url_api = "https://api.github.com/repos/home-operations/flate/releases/assets/541337295"

[tools."github:home-operations/flate"."platforms.linux-x64"]
checksum = "sha256:37eb0cd91a6752340754375743aa616c263cd8367ce594abd42ee955e1ec0099"
url = "https://github.com/home-operations/flate/releases/download/v0.6.5/flate_0.6.5_linux_amd64.tar.gz"
url_api = "https://api.github.com/repos/home-operations/flate/releases/assets/541337294"

[tools."github:home-operations/flate"."platforms.macos-arm64"]
checksum = "sha256:76274be5ef8b016e80ea0abf7b6f612adc76a89f7613d2e7f7e3550af5b9e186"
url = "https://github.com/home-operations/flate/releases/download/v0.6.5/flate_0.6.5_darwin_arm64.tar.gz"
url_api = "https://api.github.com/repos/home-operations/flate/releases/assets/541337298"

[[tools.oxfmt]]
version = "0.66.0"
backend = "npm:oxfmt"

[[tools.talos]]
version = "1.14.0"
backend = "aqua:siderolabs/talos"

[tools.talos."platforms.linux-arm64"]
checksum = "sha256:19615e1d0eb222de86ec2f1487e7d6e74f5171a9038e73aeacde8cc647e3d9e0"
url = "https://github.com/siderolabs/talos/releases/download/v1.14.0/talosctl-linux-arm64"
provenance = "cosign"

[tools.talos."platforms.linux-x64"]
checksum = "sha256:2c147c4a99d124c95bd5c190fe054e0b3c93495f2243fd652ebd423adb8377c7"
url = "https://github.com/siderolabs/talos/releases/download/v1.14.0/talosctl-linux-amd64"
provenance = "cosign"

[tools.talos."platforms.macos-arm64"]
checksum = "sha256:f0c65a0e970b6f23cf0160e432e7496ba93957a49f369780d4e53888ed66ef46"
url = "https://github.com/siderolabs/talos/releases/download/v1.14.0/talosctl-darwin-arm64"
provenance = "cosign"
