# @generated - this file is auto-generated by `mise lock` https://mise.en.dev/dev-tools/mise-lock.html

[[tools."github:home-operations/flate"]]
version = "0.6.2"
backend = "github:home-operations/flate"

[tools."github:home-operations/flate"."platforms.linux-arm64"]
checksum = "sha256:eb55ff9e718327aedbed82bd57eb8694b4dd7dcdf7573b68344bc1b981f7a5d9"
url = "https://github.com/home-operations/flate/releases/download/v0.6.2/flate_0.6.2_linux_arm64.tar.gz"
url_api = "https://api.github.com/repos/home-operations/flate/releases/assets/538096275"

[tools."github:home-operations/flate"."platforms.linux-x64"]
checksum = "sha256:26475a469ec781c1a4ef4fba715c162c9e480549802cd6639e155cfe0e39f04a"
url = "https://github.com/home-operations/flate/releases/download/v0.6.2/flate_0.6.2_linux_amd64.tar.gz"
url_api = "https://api.github.com/repos/home-operations/flate/releases/assets/538096274"

[tools."github:home-operations/flate"."platforms.macos-arm64"]
checksum = "sha256:21c883ccf9adcf0a6bbb143ad07dcaa1bd96dd230df486f72b7810126467f9b9"
url = "https://github.com/home-operations/flate/releases/download/v0.6.2/flate_0.6.2_darwin_arm64.tar.gz"
url_api = "https://api.github.com/repos/home-operations/flate/releases/assets/538096272"
